
Microsoft Visual Studio Solution File, Format Version 12.00
# Visual Studio Version 17
VisualStudioVersion = 17.5.002.0
MinimumVisualStudioVersion = 10.0.40219.1
Project("{9A19103F-16F7-4668-BE54-9A1E7A4F7556}") = "ContosoPizza", "ContosoPizza\ContosoPizza.csproj", "{3CF3133E-01D9-41BF-9E3E-67D39C8184DB}"
EndProject
Global
	GlobalSection(SolutionConfigurationPlatforms) = preSolution
		Debug|Any CPU = Debug|Any CPU
		Release|Any CPU = Release|Any CPU
	EndGlobalSection
	GlobalSection(ProjectConfigurationPlatforms) = postSolution
		{3CF3133E-01D9-41BF-9E3E-67D39C8184DB}.Debug|Any CPU.ActiveCfg = Debug|Any CPU
		{3CF3133E-01D9-41BF-9E3E-67D39C8184DB}.Debug|Any CPU.Build.0 = Debug|Any CPU
		{3CF3133E-01D9-41BF-9E3E-67D39C8184DB}.Release|Any CPU.ActiveCfg = Release|Any CPU
		{3CF3133E-01D9-41BF-9E3E-67D39C8184DB}.Release|Any CPU.Build.0 = Release|Any CPU
	EndGlobalSection
	GlobalSection(SolutionProperties) = preSolution
		HideSolutionNode = FALSE
	EndGlobalSection
	GlobalSection(ExtensibilityGlobals) = postSolution
		SolutionGuid = {4006BCD6-A3CC-49E8-8C1F-AE3241B6E6B4}
	EndGlobalSection
EndGlobal
